
Microsoft Visual Studio Solution File, Format Version 12.00
# Visual Studio Version 16
VisualStudioVersion = 16.0.30309.148
MinimumVisualStudioVersion = 10.0.40219.1
Project("{FAE04EC0-301F-11D3-BF4B-00C04F79EFBC}") = "Dorking ProjectAM523", "Dorking ProjectAM523.csproj", "{FFE2445E-160C-4407-BE19-84E8AD923BFD}"
EndProject
Global
	GlobalSection(SolutionConfigurationPlatforms) = preSolution
		Debug|Any CPU = Debug|Any CPU
		Release|Any CPU = Release|Any CPU
	EndGlobalSection
	GlobalSection(ProjectConfigurationPlatforms) = postSolution
		{FFE2445E-160C-4407-BE19-84E8AD923BFD}.Debug|Any CPU.ActiveCfg = Debug|Any CPU
		{FFE2445E-160C-4407-BE19-84E8AD923BFD}.Debug|Any CPU.Build.0 = Debug|Any CPU
		{FFE2445E-160C-4407-BE19-84E8AD923BFD}.Release|Any CPU.ActiveCfg = Release|Any CPU
		{FFE2445E-160C-4407-BE19-84E8AD923BFD}.Release|Any CPU.Build.0 = Release|Any CPU
	EndGlobalSection
	GlobalSection(SolutionProperties) = preSolution
		HideSolutionNode = FALSE
	EndGlobalSection
	GlobalSection(ExtensibilityGlobals) = postSolution
		SolutionGuid = {6B6F377D-B180-49FC-99DD-EE8F901A44E7}
	EndGlobalSection
EndGlobal
